
Microsoft Visual Studio Solution File, Format Version 12.00
# Visual Studio Version 16
VisualStudioVersion = 16.0.31424.327
MinimumVisualStudioVersion = 10.0.40219.1
Project("{FAE04EC0-301F-11D3-BF4B-00C04F79EFBC}") = "OptionalParameter", "OptionalParameter\OptionalParameter.csproj", "{C38D899A-59ED-4F54-98D7-F077511C5628}"
EndProject
Global
	GlobalSection(SolutionConfigurationPlatforms) = preSolution
		Debug|Any CPU = Debug|Any CPU
		Release|Any CPU = Release|Any CPU
	EndGlobalSection
	GlobalSection(ProjectConfigurationPlatforms) = postSolution
		{C38D899A-59ED-4F54-98D7-F077511C5628}.Debug|Any CPU.ActiveCfg = Debug|Any CPU
		{C38D899A-59ED-4F54-98D7-F077511C5628}.Debug|Any CPU.Build.0 = Debug|Any CPU
		{C38D899A-59ED-4F54-98D7-F077511C5628}.Release|Any CPU.ActiveCfg = Release|Any CPU
		{C38D899A-59ED-4F54-98D7-F077511C5628}.Release|Any CPU.Build.0 = Release|Any CPU
	EndGlobalSection
	GlobalSection(SolutionProperties) = preSolution
		HideSolutionNode = FALSE
	EndGlobalSection
	GlobalSection(ExtensibilityGlobals) = postSolution
		SolutionGuid = {23775FC0-E1E0-40B4-AFDE-18735F749009}
	EndGlobalSection
EndGlobal
